Microsoft Visual Studio Solution File, Format Version 11.00
# Visual Studio 2008

Project("{EA40E045-5F33-AE7C-C68B-A9BA18DCE844}") = "Performance Test", "Assembly-CSharp-firstpass.csproj", "{8480476A-A49D-CE80-6FE5-574BF5C1C467}"
EndProject
Project("{EA40E045-5F33-AE7C-C68B-A9BA18DCE844}") = "Performance Test", "Assembly-CSharp.csproj", "{3EDEEF86-4DB8-14C8-FFCE-82726BB1D248}"
EndProject
Project("{EA40E045-5F33-AE7C-C68B-A9BA18DCE844}") = "Performance Test", "Assembly-UnityScript-firstpass.unityproj", "{18F8E28E-ABE3-493F-5FDF-C34C44B43E22}"
EndProject
Project("{EA40E045-5F33-AE7C-C68B-A9BA18DCE844}") = "Performance Test", "Assembly-UnityScript.unityproj", "{4565A382-E996-BADC-732D-CCABE035D725}"
EndProject
Global
	GlobalSection(SolutionConfigurationPlatforms) = preSolution
		Debug|Any CPU = Debug|Any CPU
		Release|Any CPU = Release|Any CPU
	EndGlobalSection
	GlobalSection(ProjectConfigurationPlatforms) = postSolution
		{8480476A-A49D-CE80-6FE5-574BF5C1C467}.Debug|Any CPU.ActiveCfg = Debug|Any CPU
		{8480476A-A49D-CE80-6FE5-574BF5C1C467}.Debug|Any CPU.Build.0 = Debug|Any CPU
		{8480476A-A49D-CE80-6FE5-574BF5C1C467}.Release|Any CPU.ActiveCfg = Release|Any CPU
		{8480476A-A49D-CE80-6FE5-574BF5C1C467}.Release|Any CPU.Build.0 = Release|Any CPU
		{3EDEEF86-4DB8-14C8-FFCE-82726BB1D248}.Debug|Any CPU.ActiveCfg = Debug|Any CPU
		{3EDEEF86-4DB8-14C8-FFCE-82726BB1D248}.Debug|Any CPU.Build.0 = Debug|Any CPU
		{3EDEEF86-4DB8-14C8-FFCE-82726BB1D248}.Release|Any CPU.ActiveCfg = Release|Any CPU
		{3EDEEF86-4DB8-14C8-FFCE-82726BB1D248}.Release|Any CPU.Build.0 = Release|Any CPU
		{18F8E28E-ABE3-493F-5FDF-C34C44B43E22}.Debug|Any CPU.ActiveCfg = Debug|Any CPU
		{18F8E28E-ABE3-493F-5FDF-C34C44B43E22}.Debug|Any CPU.Build.0 = Debug|Any CPU
		{18F8E28E-ABE3-493F-5FDF-C34C44B43E22}.Release|Any CPU.ActiveCfg = Release|Any CPU
		{18F8E28E-ABE3-493F-5FDF-C34C44B43E22}.Release|Any CPU.Build.0 = Release|Any CPU
		{4565A382-E996-BADC-732D-CCABE035D725}.Debug|Any CPU.ActiveCfg = Debug|Any CPU
		{4565A382-E996-BADC-732D-CCABE035D725}.Debug|Any CPU.Build.0 = Debug|Any CPU
		{4565A382-E996-BADC-732D-CCABE035D725}.Release|Any CPU.ActiveCfg = Release|Any CPU
		{4565A382-E996-BADC-732D-CCABE035D725}.Release|Any CPU.Build.0 = Release|Any CPU
	EndGlobalSection
	GlobalSection(SolutionProperties) = preSolution
		HideSolutionNode = FALSE
	EndGlobalSection
												GlobalSection(MonoDevelopProperties) = preSolution
		StartupItem = Assembly-CSharp.csproj
		Policies = $0
		$0.TextStylePolicy = $1
		$1.inheritsSet = null
		$1.scope = text/x-csharp
		$0.CSharpFormattingPolicy = $2
		$2.inheritsSet = Mono
		$2.inheritsScope = text/x-csharp
		$2.scope = text/x-csharp
		$0.TextStylePolicy = $3
		$3.FileWidth = 120
		$3.TabWidth = 4
		$3.EolMarker = Unix
		$3.inheritsSet = Mono
		$3.inheritsScope = text/plain
		$3.scope = text/plain
	EndGlobalSection

EndGlobal
